
Microsoft Visual Studio Solution File, Format Version 12.00
# Visual Studio 15
VisualStudioVersion = 15.0.27130.2024
MinimumVisualStudioVersion = 10.0.40219.1
Project("{FAE04EC0-301F-11D3-BF4B-00C04F79EFBC}") = "ParameterizedSP", "ParameterizedSP.csproj", "{60E65FDB-25A8-4F21-8824-F0816745C09A}"
EndProject
Global
	GlobalSection(SolutionConfigurationPlatforms) = preSolution
		Debug|Any CPU = Debug|Any CPU
		Release|Any CPU = Release|Any CPU
	EndGlobalSection
	GlobalSection(ProjectConfigurationPlatforms) = postSolution
		{60E65FDB-25A8-4F21-8824-F0816745C09A}.Debug|Any CPU.ActiveCfg = Debug|Any CPU
		{60E65FDB-25A8-4F21-8824-F0816745C09A}.Debug|Any CPU.Build.0 = Debug|Any CPU
		{60E65FDB-25A8-4F21-8824-F0816745C09A}.Release|Any CPU.ActiveCfg = Release|Any CPU
		{60E65FDB-25A8-4F21-8824-F0816745C09A}.Release|Any CPU.Build.0 = Release|Any CPU
	EndGlobalSection
	GlobalSection(SolutionProperties) = preSolution
		HideSolutionNode = FALSE
	EndGlobalSection
	GlobalSection(ExtensibilityGlobals) = postSolution
		SolutionGuid = {116A111C-3144-47D1-AE27-B6400386130A}
	EndGlobalSection
EndGlobal
