
Microsoft Visual Studio Solution File, Format Version 12.00
# Visual Studio 15
VisualStudioVersion = 15.0.27130.2024
MinimumVisualStudioVersion = 10.0.40219.1
Project("{FAE04EC0-301F-11D3-BF4B-00C04F79EFBC}") = "WhiteTeamDvdProject", "WhiteTeamDvdProject\WhiteTeamDvdProject.csproj", "{C7A09F0C-9E3F-45B3-975E-B065A1A002DC}"
EndProject
Project("{FAE04EC0-301F-11D3-BF4B-00C04F79EFBC}") = "Online.DataBase", "WhiteTeamDvdProject\Online.DataBase\Online.DataBase.csproj", "{8026C631-AA05-484F-8985-760DD032F75B}"
EndProject
Project("{FAE04EC0-301F-11D3-BF4B-00C04F79EFBC}") = "Online.DBAccess", "WhiteTeamDvdProject\Online.DBAccess\Online.DBAccess.csproj", "{7C564BB8-EE99-47D2-86D3-C788131F545A}"
EndProject
Project("{FAE04EC0-301F-11D3-BF4B-00C04F79EFBC}") = "Online.Web", "WhiteTeamDvdProject\Online.Web\Online.Web.csproj", "{0C6DB454-6516-4B57-AE7F-AAF522A833EF}"
EndProject
Global
	GlobalSection(SolutionConfigurationPlatforms) = preSolution
		Debug|Any CPU = Debug|Any CPU
		Release|Any CPU = Release|Any CPU
	EndGlobalSection
	GlobalSection(ProjectConfigurationPlatforms) = postSolution
		{C7A09F0C-9E3F-45B3-975E-B065A1A002DC}.Debug|Any CPU.ActiveCfg = Debug|Any CPU
		{C7A09F0C-9E3F-45B3-975E-B065A1A002DC}.Debug|Any CPU.Build.0 = Debug|Any CPU
		{C7A09F0C-9E3F-45B3-975E-B065A1A002DC}.Release|Any CPU.ActiveCfg = Release|Any CPU
		{C7A09F0C-9E3F-45B3-975E-B065A1A002DC}.Release|Any CPU.Build.0 = Release|Any CPU
		{8026C631-AA05-484F-8985-760DD032F75B}.Debug|Any CPU.ActiveCfg = Debug|Any CPU
		{8026C631-AA05-484F-8985-760DD032F75B}.Debug|Any CPU.Build.0 = Debug|Any CPU
		{8026C631-AA05-484F-8985-760DD032F75B}.Release|Any CPU.ActiveCfg = Release|Any CPU
		{8026C631-AA05-484F-8985-760DD032F75B}.Release|Any CPU.Build.0 = Release|Any CPU
		{7C564BB8-EE99-47D2-86D3-C788131F545A}.Debug|Any CPU.ActiveCfg = Debug|Any CPU
		{7C564BB8-EE99-47D2-86D3-C788131F545A}.Debug|Any CPU.Build.0 = Debug|Any CPU
		{7C564BB8-EE99-47D2-86D3-C788131F545A}.Release|Any CPU.ActiveCfg = Release|Any CPU
		{7C564BB8-EE99-47D2-86D3-C788131F545A}.Release|Any CPU.Build.0 = Release|Any CPU
		{0C6DB454-6516-4B57-AE7F-AAF522A833EF}.Debug|Any CPU.ActiveCfg = Debug|Any CPU
		{0C6DB454-6516-4B57-AE7F-AAF522A833EF}.Debug|Any CPU.Build.0 = Debug|Any CPU
		{0C6DB454-6516-4B57-AE7F-AAF522A833EF}.Release|Any CPU.ActiveCfg = Release|Any CPU
		{0C6DB454-6516-4B57-AE7F-AAF522A833EF}.Release|Any CPU.Build.0 = Release|Any CPU
	EndGlobalSection
	GlobalSection(SolutionProperties) = preSolution
		HideSolutionNode = FALSE
	EndGlobalSection
	GlobalSection(ExtensibilityGlobals) = postSolution
		SolutionGuid = {51B1F9C3-E7F0-4555-BE07-D877087E9BD4}
	EndGlobalSection
EndGlobal
