
Microsoft Visual Studio Solution File, Format Version 12.00
# Visual Studio 15
VisualStudioVersion = 15.0.27130.2024
MinimumVisualStudioVersion = 10.0.40219.1
Project("{FAE04EC0-301F-11D3-BF4B-00C04F79EFBC}") = "Intro", "Intro.csproj", "{D297BF7C-4882-4BBE-BF74-D0C3FC28D689}"
EndProject
Global
	GlobalSection(SolutionConfigurationPlatforms) = preSolution
		Debug|Any CPU = Debug|Any CPU
		Release|Any CPU = Release|Any CPU
	EndGlobalSection
	GlobalSection(ProjectConfigurationPlatforms) = postSolution
		{D297BF7C-4882-4BBE-BF74-D0C3FC28D689}.Debug|Any CPU.ActiveCfg = Debug|Any CPU
		{D297BF7C-4882-4BBE-BF74-D0C3FC28D689}.Debug|Any CPU.Build.0 = Debug|Any CPU
		{D297BF7C-4882-4BBE-BF74-D0C3FC28D689}.Release|Any CPU.ActiveCfg = Release|Any CPU
		{D297BF7C-4882-4BBE-BF74-D0C3FC28D689}.Release|Any CPU.Build.0 = Release|Any CPU
	EndGlobalSection
	GlobalSection(SolutionProperties) = preSolution
		HideSolutionNode = FALSE
	EndGlobalSection
	GlobalSection(ExtensibilityGlobals) = postSolution
		SolutionGuid = {B83EFBDF-304F-49FF-B1BC-61BC19628BDD}
	EndGlobalSection
EndGlobal
