
Microsoft Visual Studio Solution File, Format Version 12.00
# Visual Studio 15
VisualStudioVersion = 15.0.27130.2024
MinimumVisualStudioVersion = 10.0.40219.1
Project("{FAE04EC0-301F-11D3-BF4B-00C04F79EFBC}") = "page245", "page245.csproj", "{6BC4791B-6381-4CAD-A487-3D6728EAB42D}"
EndProject
Global
	GlobalSection(SolutionConfigurationPlatforms) = preSolution
		Debug|Any CPU = Debug|Any CPU
		Release|Any CPU = Release|Any CPU
	EndGlobalSection
	GlobalSection(ProjectConfigurationPlatforms) = postSolution
		{6BC4791B-6381-4CAD-A487-3D6728EAB42D}.Debug|Any CPU.ActiveCfg = Debug|Any CPU
		{6BC4791B-6381-4CAD-A487-3D6728EAB42D}.Debug|Any CPU.Build.0 = Debug|Any CPU
		{6BC4791B-6381-4CAD-A487-3D6728EAB42D}.Release|Any CPU.ActiveCfg = Release|Any CPU
		{6BC4791B-6381-4CAD-A487-3D6728EAB42D}.Release|Any CPU.Build.0 = Release|Any CPU
	EndGlobalSection
	GlobalSection(SolutionProperties) = preSolution
		HideSolutionNode = FALSE
	EndGlobalSection
	GlobalSection(ExtensibilityGlobals) = postSolution
		SolutionGuid = {3333BD3A-237E-4E1D-B1AD-E56C052C541E}
	EndGlobalSection
EndGlobal
