
Microsoft Visual Studio Solution File, Format Version 12.00
# Visual Studio 15
VisualStudioVersion = 15.0.27428.2011
MinimumVisualStudioVersion = 10.0.40219.1
Project("{FAE04EC0-301F-11D3-BF4B-00C04F79EFBC}") = "DVDStore.Web", "DVDStore.Web\DVDStore.Web.csproj", "{A5C4CF36-E8FE-42DC-8987-5B5D46D440BC}"
EndProject
Project("{FAE04EC0-301F-11D3-BF4B-00C04F79EFBC}") = "DVDStore.DataBase", "DVDStore.DataBase\DVDStore.DataBase.csproj", "{C08A6F3A-BBE8-499A-BD6A-100C9E81AA63}"
EndProject
Global
	GlobalSection(SolutionConfigurationPlatforms) = preSolution
		Debug|Any CPU = Debug|Any CPU
		Release|Any CPU = Release|Any CPU
	EndGlobalSection
	GlobalSection(ProjectConfigurationPlatforms) = postSolution
		{A5C4CF36-E8FE-42DC-8987-5B5D46D440BC}.Debug|Any CPU.ActiveCfg = Debug|Any CPU
		{A5C4CF36-E8FE-42DC-8987-5B5D46D440BC}.Debug|Any CPU.Build.0 = Debug|Any CPU
		{A5C4CF36-E8FE-42DC-8987-5B5D46D440BC}.Release|Any CPU.ActiveCfg = Release|Any CPU
		{A5C4CF36-E8FE-42DC-8987-5B5D46D440BC}.Release|Any CPU.Build.0 = Release|Any CPU
		{C08A6F3A-BBE8-499A-BD6A-100C9E81AA63}.Debug|Any CPU.ActiveCfg = Debug|Any CPU
		{C08A6F3A-BBE8-499A-BD6A-100C9E81AA63}.Debug|Any CPU.Build.0 = Debug|Any CPU
		{C08A6F3A-BBE8-499A-BD6A-100C9E81AA63}.Release|Any CPU.ActiveCfg = Release|Any CPU
		{C08A6F3A-BBE8-499A-BD6A-100C9E81AA63}.Release|Any CPU.Build.0 = Release|Any CPU
	EndGlobalSection
	GlobalSection(SolutionProperties) = preSolution
		HideSolutionNode = FALSE
	EndGlobalSection
	GlobalSection(ExtensibilityGlobals) = postSolution
		SolutionGuid = {FEB7FE20-9C8F-4993-92B5-C91766707E08}
	EndGlobalSection
EndGlobal
